// !$*UTF8*$!
{
	archiveVersion = 1;
	classes = {
	};
	objectVersion = 55;
	objects = {

/* Begin PBXBuildFile section */
		E1107E0629429D8600B3C17A /* Game.swift in Sources */ = {isa = PBXBuildFile; fileRef = E1107E0529429D8600B3C17A /* Game.swift */; };
		E11C2E6F29380420004CC3AE /* Question.swift in Sources */ = {isa = PBXBuildFile; fileRef = E11C2E6E29380420004CC3AE /* Question.swift */; };
		E11C2E7329380B1B004CC3AE /* ChoiceTextView.swift in Sources */ = {isa = PBXBuildFile; fileRef = E11C2E7229380B1B004CC3AE /* ChoiceTextView.swift */; };
		E1D734EC2947DE6500D52D0E /* WelcomeView.swift in Sources */ = {isa = PBXBuildFile; fileRef = E1D734EB2947DE6500D52D0E /* WelcomeView.swift */; };
		E1D734EE2947E60200D52D0E /* GameColor.swift in Sources */ = {isa = PBXBuildFile; fileRef = E1D734ED2947E60200D52D0E /* GameColor.swift */; };
		E1D734F02947E80C00D52D0E /* BottomTextView.swift in Sources */ = {isa = PBXBuildFile; fileRef = E1D734EF2947E80C00D52D0E /* BottomTextView.swift */; };
		E1DBE83928935B8200C95329 /* Code_HistoryApp.swift in Sources */ = {isa = PBXBuildFile; fileRef = E1DBE83828935B8200C95329 /* Code_HistoryApp.swift */; };
		E1DBE83B28935B8200C95329 /* GameView.swift in Sources */ = {isa = PBXBuildFile; fileRef = E1DBE83A28935B8200C95329 /* GameView.swift */; };
		E1DBE83D28935B8500C95329 /* Assets.xcassets in Resources */ = {isa = PBXBuildFile; fileRef = E1DBE83C28935B8500C95329 /* Assets.xcassets */; };
		E1DBE84028935B8500C95329 /* Preview Assets.xcassets in Resources */ = {isa = PBXBuildFile; fileRef = E1DBE83F28935B8500C95329 /* Preview Assets.xcassets */; };
		E1DBE84A28935B8500C95329 /* code_historyTests.swift in Sources */ = {isa = PBXBuildFile; fileRef = E1DBE84928935B8500C95329 /* code_historyTests.swift */; };
		E1DBE85428935B8500C95329 /* code_historyUITests.swift in Sources */ = {isa = PBXBuildFile; fileRef = E1DBE85328935B8500C95329 /* code_historyUITests.swift */; };
		E1DBE85628935B8500C95329 /* code_historyUITestsLaunchTests.swift in Sources */ = {isa = PBXBuildFile; fileRef = E1DBE85528935B8500C95329 /* code_historyUITestsLaunchTests.swift */; };
/* End PBXBuildFile section */

/* Begin PBXContainerItemProxy section */
		E1DBE84628935B8500C95329 /* PBXContainerItemProxy */ = {
			isa = PBXContainerItemProxy;
			containerPortal = E1DBE82D28935B8200C95329 /* Project object */;
			proxyType = 1;
			remoteGlobalIDString = E1DBE83428935B8200C95329;
			remoteInfo = "code-history";
		};
		E1DBE85028935B8500C95329 /* PBXContainerItemProxy */ = {
			isa = PBXContainerItemProxy;
			containerPortal = E1DBE82D28935B8200C95329 /* Project object */;
			proxyType = 1;
			remoteGlobalIDString = E1DBE83428935B8200C95329;
			remoteInfo = "code-history";
		};
/* End PBXContainerItemProxy section */

/* Begin PBXFileReference section */
		E1107E0529429D8600B3C17A /* Game.swift */ = {isa = PBXFileReference; lastKnownFileType = sourcecode.swift; path = Game.swift; sourceTree = "<group>"; };
		E11C2E6E29380420004CC3AE /* Question.swift */ = {isa = PBXFileReference; lastKnownFileType = sourcecode.swift; path = Question.swift; sourceTree = "<group>"; };
		E11C2E7229380B1B004CC3AE /* ChoiceTextView.swift */ = {isa = PBXFileReference; lastKnownFileType = sourcecode.swift; path = ChoiceTextView.swift; sourceTree = "<group>"; };
		E1D734EB2947DE6500D52D0E /* WelcomeView.swift */ = {isa = PBXFileReference; lastKnownFileType = sourcecode.swift; path = WelcomeView.swift; sourceTree = "<group>"; };
		E1D734ED2947E60200D52D0E /* GameColor.swift */ = {isa = PBXFileReference; lastKnownFileType = sourcecode.swift; path = GameColor.swift; sourceTree = "<group>"; };
		E1D734EF2947E80C00D52D0E /* BottomTextView.swift */ = {isa = PBXFileReference; lastKnownFileType = sourcecode.swift; path = BottomTextView.swift; sourceTree = "<group>"; };
		E1DBE83528935B8200C95329 /* code-history.app */ = {isa = PBXFileReference; explicitFileType = wrapper.application; includeInIndex = 0; path = "code-history.app"; sourceTree = BUILT_PRODUCTS_DIR; };
		E1DBE83828935B8200C95329 /* Code_HistoryApp.swift */ = {isa = PBXFileReference; lastKnownFileType = sourcecode.swift; path = Code_HistoryApp.swift; sourceTree = "<group>"; };
		E1DBE83A28935B8200C95329 /* GameView.swift */ = {isa = PBXFileReference; lastKnownFileType = sourcecode.swift; path = GameView.swift; sourceTree = "<group>"; };
		E1DBE83C28935B8500C95329 /* Assets.xcassets */ = {isa = PBXFileReference; lastKnownFileType = folder.assetcatalog; path = Assets.xcassets; sourceTree = "<group>"; };
		E1DBE83F28935B8500C95329 /* Preview Assets.xcassets */ = {isa = PBXFileReference; lastKnownFileType = folder.assetcatalog; path = "Preview Assets.xcassets"; sourceTree = "<group>"; };
		E1DBE84528935B8500C95329 /* code-historyTests.xctest */ = {isa = PBXFileReference; explicitFileType = wrapper.cfbundle; includeInIndex = 0; path = "code-historyTests.xctest"; sourceTree = BUILT_PRODUCTS_DIR; };
		E1DBE84928935B8500C95329 /* code_historyTests.swift */ = {isa = PBXFileReference; lastKnownFileType = sourcecode.swift; path = code_historyTests.swift; sourceTree = "<group>"; };
		E1DBE84F28935B8500C95329 /* code-historyUITests.xctest */ = {isa = PBXFileReference; explicitFileType = wrapper.cfbundle; includeInIndex = 0; path = "code-historyUITests.xctest"; sourceTree = BUILT_PRODUCTS_DIR; };
		E1DBE85328935B8500C95329 /* code_historyUITests.swift */ = {isa = PBXFileReference; lastKnownFileType = sourcecode.swift; path = code_historyUITests.swift; sourceTree = "<group>"; };
		E1DBE85528935B8500C95329 /* code_historyUITestsLaunchTests.swift */ = {isa = PBXFileReference; lastKnownFileType = sourcecode.swift; path = code_historyUITestsLaunchTests.swift; sourceTree = "<group>"; };
/* End PBXFileReference section */

/* Begin PBXFrameworksBuildPhase section */
		E1DBE83228935B8200C95329 /* Frameworks */ = {
			isa = PBXFrameworksBuildPhase;
			buildActionMask = 2147483647;
			files = (
			);
			runOnlyForDeploymentPostprocessing = 0;
		};
		E1DBE84228935B8500C95329 /* Frameworks */ = {
			isa = PBXFrameworksBuildPhase;
			buildActionMask = 2147483647;
			files = (
			);
			runOnlyForDeploymentPostprocessing = 0;
		};
		E1DBE84C28935B8500C95329 /* Frameworks */ = {
			isa = PBXFrameworksBuildPhase;
			buildActionMask = 2147483647;
			files = (
			);
			runOnlyForDeploymentPostprocessing = 0;
		};
/* End PBXFrameworksBuildPhase section */

/* Begin PBXGroup section */
		E1107E0729429E0C00B3C17A /* Models */ = {
			isa = PBXGroup;
			children = (
				E1107E0529429D8600B3C17A /* Game.swift */,
				E11C2E6E29380420004CC3AE /* Question.swift */,
			);
			path = Models;
			sourceTree = "<group>";
		};
		E1107E0829429E4800B3C17A /* Views */ = {
			isa = PBXGroup;
			children = (
				E11C2E7229380B1B004CC3AE /* ChoiceTextView.swift */,
				E1DBE83A28935B8200C95329 /* GameView.swift */,
				E1D734EB2947DE6500D52D0E /* WelcomeView.swift */,
				E1D734ED2947E60200D52D0E /* GameColor.swift */,
				E1D734EF2947E80C00D52D0E /* BottomTextView.swift */,
			);
			path = Views;
			sourceTree = "<group>";
		};
		E1DBE82C28935B8200C95329 = {
			isa = PBXGroup;
			children = (
				E1DBE83728935B8200C95329 /* code-history */,
				E1DBE84828935B8500C95329 /* code-historyTests */,
				E1DBE85228935B8500C95329 /* code-historyUITests */,
				E1DBE83628935B8200C95329 /* Products */,
			);
			sourceTree = "<group>";
		};
		E1DBE83628935B8200C95329 /* Products */ = {
			isa = PBXGroup;
			children = (
				E1DBE83528935B8200C95329 /* code-history.app */,
				E1DBE84528935B8500C95329 /* code-historyTests.xctest */,
				E1DBE84F28935B8500C95329 /* code-historyUITests.xctest */,
			);
			name = Products;
			sourceTree = "<group>";
		};
		E1DBE83728935B8200C95329 /* code-history */ = {
			isa = PBXGroup;
			children = (
				E1107E0829429E4800B3C17A /* Views */,
				E1107E0729429E0C00B3C17A /* Models */,
				E1DBE83828935B8200C95329 /* Code_HistoryApp.swift */,
				E1DBE83C28935B8500C95329 /* Assets.xcassets */,
				E1DBE83E28935B8500C95329 /* Preview Content */,
			);
			path = "code-history";
			sourceTree = "<group>";
		};
		E1DBE83E28935B8500C95329 /* Preview Content */ = {
			isa = PBXGroup;
			children = (
				E1DBE83F28935B8500C95329 /* Preview Assets.xcassets */,
			);
			path = "Preview Content";
			sourceTree = "<group>";
		};
		E1DBE84828935B8500C95329 /* code-historyTests */ = {
			isa = PBXGroup;
			children = (
				E1DBE84928935B8500C95329 /* code_historyTests.swift */,
			);
			path = "code-historyTests";
			sourceTree = "<group>";
		};
		E1DBE85228935B8500C95329 /* code-historyUITests */ = {
			isa = PBXGroup;
			children = (
				E1DBE85328935B8500C95329 /* code_historyUITests.swift */,
				E1DBE85528935B8500C95329 /* code_historyUITestsLaunchTests.swift */,
			);
			path = "code-historyUITests";
			sourceTree = "<group>";
		};
/* End PBXGroup section */

/* Begin PBXNativeTarget section */
		E1DBE83428935B8200C95329 /* code-history */ = {
			isa = PBXNativeTarget;
			buildConfigurationList = E1DBE85928935B8500C95329 /* Build configuration list for PBXNativeTarget "code-history" */;
			buildPhases = (
				E1DBE83128935B8200C95329 /* Sources */,
				E1DBE83228935B8200C95329 /* Frameworks */,
				E1DBE83328935B8200C95329 /* Resources */,
			);
			buildRules = (
			);
			dependencies = (
			);
			name = "code-history";
			productName = "code-history";
			productReference = E1DBE83528935B8200C95329 /* code-history.app */;
			productType = "com.apple.product-type.application";
		};
		E1DBE84428935B8500C95329 /* code-historyTests */ = {
			isa = PBXNativeTarget;
			buildConfigurationList = E1DBE85C28935B8500C95329 /* Build configuration list for PBXNativeTarget "code-historyTests" */;
			buildPhases = (
				E1DBE84128935B8500C95329 /* Sources */,
				E1DBE84228935B8500C95329 /* Frameworks */,
				E1DBE84328935B8500C95329 /* Resources */,
			);
			buildRules = (
			);
			dependencies = (
				E1DBE84728935B8500C95329 /* PBXTargetDependency */,
			);
			name = "code-historyTests";
			productName = "code-historyTests";
			productReference = E1DBE84528935B8500C95329 /* code-historyTests.xctest */;
			productType = "com.apple.product-type.bundle.unit-test";
		};
		E1DBE84E28935B8500C95329 /* code-historyUITests */ = {
			isa = PBXNativeTarget;
			buildConfigurationList = E1DBE85F28935B8500C95329 /* Build configuration list for PBXNativeTarget "code-historyUITests" */;
			buildPhases = (
				E1DBE84B28935B8500C95329 /* Sources */,
				E1DBE84C28935B8500C95329 /* Frameworks */,
				E1DBE84D28935B8500C95329 /* Resources */,
			);
			buildRules = (
			);
			dependencies = (
				E1DBE85128935B8500C95329 /* PBXTargetDependency */,
			);
			name = "code-historyUITests";
			productName = "code-historyUITests";
			productReference = E1DBE84F28935B8500C95329 /* code-historyUITests.xctest */;
			productType = "com.apple.product-type.bundle.ui-testing";
		};
/* End PBXNativeTarget section */

/* Begin PBXProject section */
		E1DBE82D28935B8200C95329 /* Project object */ = {
			isa = PBXProject;
			attributes = {
				BuildIndependentTargetsInParallel = 1;
				LastSwiftUpdateCheck = 1340;
				LastUpgradeCheck = 1340;
				TargetAttributes = {
					E1DBE83428935B8200C95329 = {
						CreatedOnToolsVersion = 13.4.1;
					};
					E1DBE84428935B8500C95329 = {
						CreatedOnToolsVersion = 13.4.1;
						TestTargetID = E1DBE83428935B8200C95329;
					};
					E1DBE84E28935B8500C95329 = {
						CreatedOnToolsVersion = 13.4.1;
						TestTargetID = E1DBE83428935B8200C95329;
					};
				};
			};
			buildConfigurationList = E1DBE83028935B8200C95329 /* Build configuration list for PBXProject "code-history" */;
			compatibilityVersion = "Xcode 13.0";
			developmentRegion = en;
			hasScannedForEncodings = 0;
			knownRegions = (
				en,
				Base,
			);
			mainGroup = E1DBE82C28935B8200C95329;
			productRefGroup = E1DBE83628935B8200C95329 /* Products */;
			projectDirPath = "";
			projectRoot = "";
			targets = (
				E1DBE83428935B8200C95329 /* code-history */,
				E1DBE84428935B8500C95329 /* code-historyTests */,
				E1DBE84E28935B8500C95329 /* code-historyUITests */,
			);
		};
/* End PBXProject section */

/* Begin PBXResourcesBuildPhase section */
		E1DBE83328935B8200C95329 /* Resources */ = {
			isa = PBXResourcesBuildPhase;
			buildActionMask = 2147483647;
			files = (
				E1DBE84028935B8500C95329 /* Preview Assets.xcassets in Resources */,
				E1DBE83D28935B8500C95329 /* Assets.xcassets in Resources */,
			);
			runOnlyForDeploymentPostprocessing = 0;
		};
		E1DBE84328935B8500C95329 /* Resources */ = {
			isa = PBXResourcesBuildPhase;
			buildActionMask = 2147483647;
			files = (
			);
			runOnlyForDeploymentPostprocessing = 0;
		};
		E1DBE84D28935B8500C95329 /* Resources */ = {
			isa = PBXResourcesBuildPhase;
			buildActionMask = 2147483647;
			files = (
			);
			runOnlyForDeploymentPostprocessing = 0;
		};
/* End PBXResourcesBuildPhase section */

/* Begin PBXSourcesBuildPhase section */
		E1DBE83128935B8200C95329 /* Sources */ = {
			isa = PBXSourcesBuildPhase;
			buildActionMask = 2147483647;
			files = (
				E11C2E6F29380420004CC3AE /* Question.swift in Sources */,
				E1D734EC2947DE6500D52D0E /* WelcomeView.swift in Sources */,
				E1107E0629429D8600B3C17A /* Game.swift in Sources */,
				E1DBE83B28935B8200C95329 /* GameView.swift in Sources */,
				E1D734F02947E80C00D52D0E /* BottomTextView.swift in Sources */,
				E1D734EE2947E60200D52D0E /* GameColor.swift in Sources */,
				E11C2E7329380B1B004CC3AE /* ChoiceTextView.swift in Sources */,
				E1DBE83928935B8200C95329 /* Code_HistoryApp.swift in Sources */,
			);
			runOnlyForDeploymentPostprocessing = 0;
		};
		E1DBE84128935B8500C95329 /* Sources */ = {
			isa = PBXSourcesBuildPhase;
			buildActionMask = 2147483647;
			files = (
				E1DBE84A28935B8500C95329 /* code_historyTests.swift in Sources */,
			);
			runOnlyForDeploymentPostprocessing = 0;
		};
		E1DBE84B28935B8500C95329 /* Sources */ = {
			isa = PBXSourcesBuildPhase;
			buildActionMask = 2147483647;
			files = (
				E1DBE85628935B8500C95329 /* code_historyUITestsLaunchTests.swift in Sources */,
				E1DBE85428935B8500C95329 /* code_historyUITests.swift in Sources */,
			);
			runOnlyForDeploymentPostprocessing = 0;
		};
/* End PBXSourcesBuildPhase section */

/* Begin PBXTargetDependency section */
		E1DBE84728935B8500C95329 /* PBXTargetDependency */ = {
			isa = PBXTargetDependency;
			target = E1DBE83428935B8200C95329 /* code-history */;
			targetProxy = E1DBE84628935B8500C95329 /* PBXContainerItemProxy */;
		};
		E1DBE85128935B8500C95329 /* PBXTargetDependency */ = {
			isa = PBXTargetDependency;
			target = E1DBE83428935B8200C95329 /* code-history */;
			targetProxy = E1DBE85028935B8500C95329 /* PBXContainerItemProxy */;
		};
/* End PBXTargetDependency section */

/* Begin XCBuildConfiguration section */
		E1DBE85728935B8500C95329 /* Debug */ = {
			isa = XCBuildConfiguration;
			buildSettings = {
				ALWAYS_SEARCH_USER_PATHS = NO;
				CLANG_ANALYZER_NONNULL = YES;
				CLANG_ANALYZER_NUMBER_OBJECT_CONVERSION = YES_AGGRESSIVE;
				CLANG_CXX_LANGUAGE_STANDARD = "gnu++17";
				CLANG_ENABLE_MODULES = YES;
				CLANG_ENABLE_OBJC_ARC = YES;
				CLANG_ENABLE_OBJC_WEAK = YES;
				CLANG_WARN_BLOCK_CAPTURE_AUTORELEASING = YES;
				CLANG_WARN_BOOL_CONVERSION = YES;
				CLANG_WARN_COMMA = YES;
				CLANG_WARN_CONSTANT_CONVERSION = YES;
				CLANG_WARN_DEPRECATED_OBJC_IMPLEMENTATIONS = YES;
				CLANG_WARN_DIRECT_OBJC_ISA_USAGE = YES_ERROR;
				CLANG_WARN_DOCUMENTATION_COMMENTS = YES;
				CLANG_WARN_EMPTY_BODY = YES;
				CLANG_WARN_ENUM_CONVERSION = YES;
				CLANG_WARN_INFINITE_RECURSION = YES;
				CLANG_WARN_INT_CONVERSION = YES;
				CLANG_WARN_NON_LITERAL_NULL_CONVERSION = YES;
				CLANG_WARN_OBJC_IMPLICIT_RETAIN_SELF = YES;
				CLANG_WARN_OBJC_LITERAL_CONVERSION = YES;
				CLANG_WARN_OBJC_ROOT_CLASS = YES_ERROR;
				CLANG_WARN_QUOTED_INCLUDE_IN_FRAMEWORK_HEADER = YES;
				CLANG_WARN_RANGE_LOOP_ANALYSIS = YES;
				CLANG_WARN_STRICT_PROTOTYPES = YES;
				CLANG_WARN_SUSPICIOUS_MOVE = YES;
				CLANG_WARN_UNGUARDED_AVAILABILITY = YES_AGGRESSIVE;
				CLANG_WARN_UNREACHABLE_CODE = YES;
				CLANG_WARN__DUPLICATE_METHOD_MATCH = YES;
				COPY_PHASE_STRIP = NO;
				DEBUG_INFORMATION_FORMAT = dwarf;
				ENABLE_STRICT_OBJC_MSGSEND = YES;
				ENABLE_TESTABILITY = YES;
				GCC_C_LANGUAGE_STANDARD = gnu11;
				GCC_DYNAMIC_NO_PIC = NO;
				GCC_NO_COMMON_BLOCKS = YES;
				GCC_OPTIMIZATION_LEVEL = 0;
				GCC_PREPROCESSOR_DEFINITIONS = (
					"DEBUG=1",
					"$(inherited)",
				);
				GCC_WARN_64_TO_32_BIT_CONVERSION = YES;
				GCC_WARN_ABOUT_RETURN_TYPE = YES_ERROR;
				GCC_WARN_UNDECLARED_SELECTOR = YES;
				GCC_WARN_UNINITIALIZED_AUTOS = YES_AGGRESSIVE;
				GCC_WARN_UNUSED_FUNCTION = YES;
				GCC_WARN_UNUSED_VARIABLE = YES;
				IPHONEOS_DEPLOYMENT_TARGET = 15.5;
				MTL_ENABLE_DEBUG_INFO = INCLUDE_SOURCE;
				MTL_FAST_MATH = YES;
				ONLY_ACTIVE_ARCH = YES;
				SDKROOT = iphoneos;
				SWIFT_ACTIVE_COMPILATION_CONDITIONS = DEBUG;
				SWIFT_OPTIMIZATION_LEVEL = "-Onone";
			};
			name = Debug;
		};
		E1DBE85828935B8500C95329 /* Release */ = {
			isa = XCBuildConfiguration;
			buildSettings = {
				ALWAYS_SEARCH_USER_PATHS = NO;
				CLANG_ANALYZER_NONNULL = YES;
				CLANG_ANALYZER_NUMBER_OBJECT_CONVERSION = YES_AGGRESSIVE;
				CLANG_CXX_LANGUAGE_STANDARD = "gnu++17";
				CLANG_ENABLE_MODULES = YES;
				CLANG_ENABLE_OBJC_ARC = YES;
				CLANG_ENABLE_OBJC_WEAK = YES;
				CLANG_WARN_BLOCK_CAPTURE_AUTORELEASING = YES;
				CLANG_WARN_BOOL_CONVERSION = YES;
				CLANG_WARN_COMMA = YES;
				CLANG_WARN_CONSTANT_CONVERSION = YES;
				CLANG_WARN_DEPRECATED_OBJC_IMPLEMENTATIONS = YES;
				CLANG_WARN_DIRECT_OBJC_ISA_USAGE = YES_ERROR;
				CLANG_WARN_DOCUMENTATION_COMMENTS = YES;
				CLANG_WARN_EMPTY_BODY = YES;
				CLANG_WARN_ENUM_CONVERSION = YES;
				CLANG_WARN_INFINITE_RECURSION = YES;
				CLANG_WARN_INT_CONVERSION = YES;
				CLANG_WARN_NON_LITERAL_NULL_CONVERSION = YES;
				CLANG_WARN_OBJC_IMPLICIT_RETAIN_SELF = YES;
				CLANG_WARN_OBJC_LITERAL_CONVERSION = YES;
				CLANG_WARN_OBJC_ROOT_CLASS = YES_ERROR;
				CLANG_WARN_QUOTED_INCLUDE_IN_FRAMEWORK_HEADER = YES;
				CLANG_WARN_RANGE_LOOP_ANALYSIS = YES;
				CLANG_WARN_STRICT_PROTOTYPES = YES;
				CLANG_WARN_SUSPICIOUS_MOVE = YES;
				CLANG_WARN_UNGUARDED_AVAILABILITY = YES_AGGRESSIVE;
				CLANG_WARN_UNREACHABLE_CODE = YES;
				CLANG_WARN__DUPLICATE_METHOD_MATCH = YES;
				COPY_PHASE_STRIP = NO;
				DEBUG_INFORMATION_FORMAT = "dwarf-with-dsym";
				ENABLE_NS_ASSERTIONS = NO;
				ENABLE_STRICT_OBJC_MSGSEND = YES;
				GCC_C_LANGUAGE_STANDARD = gnu11;
				GCC_NO_COMMON_BLOCKS = YES;
				GCC_WARN_64_TO_32_BIT_CONVERSION = YES;
				GCC_WARN_ABOUT_RETURN_TYPE = YES_ERROR;
				GCC_WARN_UNDECLARED_SELECTOR = YES;
				GCC_WARN_UNINITIALIZED_AUTOS = YES_AGGRESSIVE;
				GCC_WARN_UNUSED_FUNCTION = YES;
				GCC_WARN_UNUSED_VARIABLE = YES;
				IPHONEOS_DEPLOYMENT_TARGET = 15.5;
				MTL_ENABLE_DEBUG_INFO = NO;
				MTL_FAST_MATH = YES;
				SDKROOT = iphoneos;
				SWIFT_COMPILATION_MODE = wholemodule;
				SWIFT_OPTIMIZATION_LEVEL = "-O";
				VALIDATE_PRODUCT = YES;
			};
			name = Release;
		};
		E1DBE85A28935B8500C95329 /* Debug */ = {
			isa = XCBuildConfiguration;
			buildSettings = {
				ASSETCATALOG_COMPILER_APPICON_NAME = AppIcon;
				ASSETCATALOG_COMPILER_GLOBAL_ACCENT_COLOR_NAME = AccentColor;
				CODE_SIGN_STYLE = Automatic;
				CURRENT_PROJECT_VERSION = 1;
				DEVELOPMENT_ASSET_PATHS = "\"code-history/Preview Content\"";
				DEVELOPMENT_TEAM = HKTR89F43N;
				ENABLE_PREVIEWS = YES;
				GENERATE_INFOPLIST_FILE = YES;
				INFOPLIST_KEY_UIApplicationSceneManifest_Generation = YES;
				INFOPLIST_KEY_UIApplicationSupportsIndirectInputEvents = YES;
				INFOPLIST_KEY_UILaunchScreen_Generation = YES;
				INFOPLIST_KEY_UISupportedInterfaceOrientations_iPad = "UIInterfaceOrientationPortrait UIInterfaceOrientationPortraitUpsideDown UIInterfaceOrientationLandscapeLeft UIInterfaceOrientationLandscapeRight";
				INFOPLIST_KEY_UISupportedInterfaceOrientations_iPhone = "UIInterfaceOrientationPortrait UIInterfaceOrientationLandscapeLeft UIInterfaceOrientationLandscapeRight";
				LD_RUNPATH_SEARCH_PATHS = (
					"$(inherited)",
					"@executable_path/Frameworks",
				);
				MARKETING_VERSION = 1.0;
				PRODUCT_BUNDLE_IDENTIFIER = "giorgio.code-history";
				PRODUCT_NAME = "$(TARGET_NAME)";
				SWIFT_EMIT_LOC_STRINGS = YES;
				SWIFT_VERSION = 5.0;
				TARGETED_DEVICE_FAMILY = "1,2";
			};
			name = Debug;
		};
		E1DBE85B28935B8500C95329 /* Release */ = {
			isa = XCBuildConfiguration;
			buildSettings = {
				ASSETCATALOG_COMPILER_APPICON_NAME = AppIcon;
				ASSETCATALOG_COMPILER_GLOBAL_ACCENT_COLOR_NAME = AccentColor;
				CODE_SIGN_STYLE = Automatic;
				CURRENT_PROJECT_VERSION = 1;
				DEVELOPMENT_ASSET_PATHS = "\"code-history/Preview Content\"";
				DEVELOPMENT_TEAM = HKTR89F43N;
				ENABLE_PREVIEWS = YES;
				GENERATE_INFOPLIST_FILE = YES;
				INFOPLIST_KEY_UIApplicationSceneManifest_Generation = YES;
				INFOPLIST_KEY_UIApplicationSupportsIndirectInputEvents = YES;
				INFOPLIST_KEY_UILaunchScreen_Generation = YES;
				INFOPLIST_KEY_UISupportedInterfaceOrientations_iPad = "UIInterfaceOrientationPortrait UIInterfaceOrientationPortraitUpsideDown UIInterfaceOrientationLandscapeLeft UIInterfaceOrientationLandscapeRight";
				INFOPLIST_KEY_UISupportedInterfaceOrientations_iPhone = "UIInterfaceOrientationPortrait UIInterfaceOrientationLandscapeLeft UIInterfaceOrientationLandscapeRight";
				LD_RUNPATH_SEARCH_PATHS = (
					"$(inherited)",
					"@executable_path/Frameworks",
				);
				MARKETING_VERSION = 1.0;
				PRODUCT_BUNDLE_IDENTIFIER = "giorgio.code-history";
				PRODUCT_NAME = "$(TARGET_NAME)";
				SWIFT_EMIT_LOC_STRINGS = YES;
				SWIFT_VERSION = 5.0;
				TARGETED_DEVICE_FAMILY = "1,2";
			};
			name = Release;
		};
		E1DBE85D28935B8500C95329 /* Debug */ = {
			isa = XCBuildConfiguration;
			buildSettings = {
				ALWAYS_EMBED_SWIFT_STANDARD_LIBRARIES = YES;
				BUNDLE_LOADER = "$(TEST_HOST)";
				CODE_SIGN_STYLE = Automatic;
				CURRENT_PROJECT_VERSION = 1;
				DEVELOPMENT_TEAM = HKTR89F43N;
				GENERATE_INFOPLIST_FILE = YES;
				IPHONEOS_DEPLOYMENT_TARGET = 15.5;
				MARKETING_VERSION = 1.0;
				PRODUCT_BUNDLE_IDENTIFIER = "giorgio.code-historyTests";
				PRODUCT_NAME = "$(TARGET_NAME)";
				SWIFT_EMIT_LOC_STRINGS = NO;
				SWIFT_VERSION = 5.0;
				TARGETED_DEVICE_FAMILY = "1,2";
				TEST_HOST = "$(BUILT_PRODUCTS_DIR)/code-history.app/code-history";
			};
			name = Debug;
		};
		E1DBE85E28935B8500C95329 /* Release */ = {
			isa = XCBuildConfiguration;
			buildSettings = {
				ALWAYS_EMBED_SWIFT_STANDARD_LIBRARIES = YES;
				BUNDLE_LOADER = "$(TEST_HOST)";
				CODE_SIGN_STYLE = Automatic;
				CURRENT_PROJECT_VERSION = 1;
				DEVELOPMENT_TEAM = HKTR89F43N;
				GENERATE_INFOPLIST_FILE = YES;
				IPHONEOS_DEPLOYMENT_TARGET = 15.5;
				MARKETING_VERSION = 1.0;
				PRODUCT_BUNDLE_IDENTIFIER = "giorgio.code-historyTests";
				PRODUCT_NAME = "$(TARGET_NAME)";
				SWIFT_EMIT_LOC_STRINGS = NO;
				SWIFT_VERSION = 5.0;
				TARGETED_DEVICE_FAMILY = "1,2";
				TEST_HOST = "$(BUILT_PRODUCTS_DIR)/code-history.app/code-history";
			};
			name = Release;
		};
		E1DBE86028935B8500C95329 /* Debug */ = {
			isa = XCBuildConfiguration;
			buildSettings = {
				ALWAYS_EMBED_SWIFT_STANDARD_LIBRARIES = YES;
				CODE_SIGN_STYLE = Automatic;
				CURRENT_PROJECT_VERSION = 1;
				DEVELOPMENT_TEAM = HKTR89F43N;
				GENERATE_INFOPLIST_FILE = YES;
				MARKETING_VERSION = 1.0;
				PRODUCT_BUNDLE_IDENTIFIER = "giorgio.code-historyUITests";
				PRODUCT_NAME = "$(TARGET_NAME)";
				SWIFT_EMIT_LOC_STRINGS = NO;
				SWIFT_VERSION = 5.0;
				TARGETED_DEVICE_FAMILY = "1,2";
				TEST_TARGET_NAME = "code-history";
			};
			name = Debug;
		};
		E1DBE86128935B8500C95329 /* Release */ = {
			isa = XCBuildConfiguration;
			buildSettings = {
				ALWAYS_EMBED_SWIFT_STANDARD_LIBRARIES = YES;
				CODE_SIGN_STYLE = Automatic;
				CURRENT_PROJECT_VERSION = 1;
				DEVELOPMENT_TEAM = HKTR89F43N;
				GENERATE_INFOPLIST_FILE = YES;
				MARKETING_VERSION = 1.0;
				PRODUCT_BUNDLE_IDENTIFIER = "giorgio.code-historyUITests";
				PRODUCT_NAME = "$(TARGET_NAME)";
				SWIFT_EMIT_LOC_STRINGS = NO;
				SWIFT_VERSION = 5.0;
				TARGETED_DEVICE_FAMILY = "1,2";
				TEST_TARGET_NAME = "code-history";
			};
			name = Release;
		};
/* End XCBuildConfiguration section */

/* Begin XCConfigurationList section */
		E1DBE83028935B8200C95329 /* Build configuration list for PBXProject "code-history" */ = {
			isa = XCConfigurationList;
			buildConfigurations = (
				E1DBE85728935B8500C95329 /* Debug */,
				E1DBE85828935B8500C95329 /* Release */,
			);
			defaultConfigurationIsVisible = 0;
			defaultConfigurationName = Release;
		};
		E1DBE85928935B8500C95329 /* Build configuration list for PBXNativeTarget "code-history" */ = {
			isa = XCConfigurationList;
			buildConfigurations = (
				E1DBE85A28935B8500C95329 /* Debug */,
				E1DBE85B28935B8500C95329 /* Release */,
			);
			defaultConfigurationIsVisible = 0;
			defaultConfigurationName = Release;
		};
		E1DBE85C28935B8500C95329 /* Build configuration list for PBXNativeTarget "code-historyTests" */ = {
			isa = XCConfigurationList;
			buildConfigurations = (
				E1DBE85D28935B8500C95329 /* Debug */,
				E1DBE85E28935B8500C95329 /* Release */,
			);
			defaultConfigurationIsVisible = 0;
			defaultConfigurationName = Release;
		};
		E1DBE85F28935B8500C95329 /* Build configuration list for PBXNativeTarget "code-historyUITests" */ = {
			isa = XCConfigurationList;
			buildConfigurations = (
				E1DBE86028935B8500C95329 /* Debug */,
				E1DBE86128935B8500C95329 /* Release */,
			);
			defaultConfigurationIsVisible = 0;
			defaultConfigurationName = Release;
		};
/* End XCConfigurationList section */
	};
	rootObject = E1DBE82D28935B8200C95329 /* Project object */;
}
